
Microsoft Visual Studio Solution File, Format Version 12.00
# Visual Studio Version 17
VisualStudioVersion = 17.2.32630.192
MinimumVisualStudioVersion = 10.0.40219.1
Project("{FAE04EC0-301F-11D3-BF4B-00C04F79EFBC}") = "oodb-project", "oodb-project.csproj", "{A88DC68D-478C-48CD-99D0-327285CCDF56}"
EndProject
Global
	GlobalSection(SolutionConfigurationPlatforms) = preSolution
		Debug|Any CPU = Debug|Any CPU
		Release|Any CPU = Release|Any CPU
	EndGlobalSection
	GlobalSection(ProjectConfigurationPlatforms) = postSolution
		{A88DC68D-478C-48CD-99D0-327285CCDF56}.Debug|Any CPU.ActiveCfg = Debug|Any CPU
		{A88DC68D-478C-48CD-99D0-327285CCDF56}.Debug|Any CPU.Build.0 = Debug|Any CPU
		{A88DC68D-478C-48CD-99D0-327285CCDF56}.Release|Any CPU.ActiveCfg = Release|Any CPU
		{A88DC68D-478C-48CD-99D0-327285CCDF56}.Release|Any CPU.Build.0 = Release|Any CPU
	EndGlobalSection
	GlobalSection(SolutionProperties) = preSolution
		HideSolutionNode = FALSE
	EndGlobalSection
	GlobalSection(ExtensibilityGlobals) = postSolution
		SolutionGuid = {A20837F8-352D-43A8-9C77-554F1159C86D}
	EndGlobalSection
EndGlobal
